dependencies:
- name: helper
  repository: file://components/helper
  version: 0.1.0
- name: repository-cred
  repository: file://components/repository-cred
  version: 0.1.0
- name: cloud-manager
  repository: file://components/cloud-manager
  version: 0.1.0
- name: workflow-manager
  repository: file://components/workflow-manager
  version: 0.1.0
- name: container-registry
  repository: file://components/container-registry
  version: 0.1.0
- name: baremetal-manager
  repository: file://components/baremetal-manager
  version: 0.1.0
- name: metering
  repository: file://components/metering
  version: 0.1.0
- name: storage-plugin
  repository: file://components/storage-plugin
  version: 0.1.0
- name: grafana
  repository: https://grafana.github.io/helm-charts
  version: 6.52.1
- name: auth-service
  repository: file://components/auth-service
  version: 0.1.0
- name: network-manager
  repository: file://components/network-manager
  version: 0.1.0
- name: userPortal
  repository: file://components/user-portal
  version: 0.1.0
- name: adminServices
  repository: file://components/admin
  version: 0.1.0
- name: computeService
  repository: file://components/compute-service
  version: 0.1.0
- name: volumeService
  repository: file://components/volume-service
  version: 0.1.0
- name: coremgmtService
  repository: file://components/core-mgmt-service
  version: 0.1.0
- name: neutronService
  repository: file://components/neutron-service
  version: 0.1.0
- name: autoscalingService
  repository: file://components/autoscaling
  version: 0.1.0
- name: archivalStorage
  repository: file://components/archival-storage
  version: 0.1.0
- name: postgres-operator
  repository: oci://registry-1.docker.io/coredgehelm
  version: 1.12.2
- name: keycloak-ha
  repository: oci://registry-1.docker.io/coredgehelm
  version: 0.1.4
digest: sha256:37ddfe2e80fc48e3cefc01bd8bb8d32163b9dde18cc7fcfa64706b51d57270d6
generated: "2025-03-25T05:38:03.948757616Z"
